
Microsoft Visual Studio Solution File, Format Version 12.00
# Visual Studio 15
VisualStudioVersion = 15.0.28307.1300
MinimumVisualStudioVersion = 10.0.40219.1
Project("{FAE04EC0-301F-11D3-BF4B-00C04F79EFBC}") = "SEDOLValidatorApp", "SEDOLValidatorApp\SEDOLValidatorApp.csproj", "{074C06C3-199D-4155-AD4D-54126F55EA30}"
EndProject
Project("{FAE04EC0-301F-11D3-BF4B-00C04F79EFBC}") = "SEDOLValidatorApp.Test", "SEDOLValidatorApp.Test\SEDOLValidatorApp.Test.csproj", "{8907D086-2536-49B5-81F3-83CACA765AFA}"
EndProject
Global
	GlobalSection(SolutionConfigurationPlatforms) = preSolution
		Debug|Any CPU = Debug|Any CPU
		Release|Any CPU = Release|Any CPU
	EndGlobalSection
	GlobalSection(ProjectConfigurationPlatforms) = postSolution
		{074C06C3-199D-4155-AD4D-54126F55EA30}.Debug|Any CPU.ActiveCfg = Debug|Any CPU
		{074C06C3-199D-4155-AD4D-54126F55EA30}.Debug|Any CPU.Build.0 = Debug|Any CPU
		{074C06C3-199D-4155-AD4D-54126F55EA30}.Release|Any CPU.ActiveCfg = Release|Any CPU
		{074C06C3-199D-4155-AD4D-54126F55EA30}.Release|Any CPU.Build.0 = Release|Any CPU
		{8907D086-2536-49B5-81F3-83CACA765AFA}.Debug|Any CPU.ActiveCfg = Debug|Any CPU
		{8907D086-2536-49B5-81F3-83CACA765AFA}.Debug|Any CPU.Build.0 = Debug|Any CPU
		{8907D086-2536-49B5-81F3-83CACA765AFA}.Release|Any CPU.ActiveCfg = Release|Any CPU
		{8907D086-2536-49B5-81F3-83CACA765AFA}.Release|Any CPU.Build.0 = Release|Any CPU
	EndGlobalSection
	GlobalSection(SolutionProperties) = preSolution
		HideSolutionNode = FALSE
	EndGlobalSection
	GlobalSection(ExtensibilityGlobals) = postSolution
		SolutionGuid = {0B71DAD5-BD70-4C83-9E7C-C6DF6CB2BDBF}
	EndGlobalSection
EndGlobal
